
Microsoft Visual Studio Solution File, Format Version 12.00
Project("{FAE04EC0-301F-11D3-BF4B-00C04F79EFBC}") = "PizzaMauiApp.API", "PizzaMauiApp.API\PizzaMauiApp.API.csproj", "{2CA33BA7-4BA5-4095-9AD8-F016964BA70C}"
EndProject
Project("{FAE04EC0-301F-11D3-BF4B-00C04F79EFBC}") = "PizzaMauiApp.API.Core", "PizzaMauiApp.API.Core\PizzaMauiApp.API.Core.csproj", "{4CBB3E97-7F74-4BBE-ACBB-D31E72B979AB}"
EndProject
Project("{FAE04EC0-301F-11D3-BF4B-00C04F79EFBC}") = "PizzaMauiApp.API.Infrastructure", "PizzaMauiApp.API.Infrastructure\PizzaMauiApp.API.Infrastructure.csproj", "{E74B8702-E90B-4CC0-80AB-4AFEAE4CFF0A}"
EndProject
Project("{FAE04EC0-301F-11D3-BF4B-00C04F79EFBC}") = "PizzaMauiApp.API.Tests.Integration", "PizzaMauiApp.API.Tests.Integration\PizzaMauiApp.API.Tests.Integration.csproj", "{9743102F-E48C-434F-9E4D-7C0CF3B8642B}"
EndProject
Project("{FAE04EC0-301F-11D3-BF4B-00C04F79EFBC}") = "PizzaMauiApp.API.Dtos", "PizzaMauiApp.API.Dtos\PizzaMauiApp.API.Dtos.csproj", "{E3696F4D-B8D0-4A51-99A4-CBCE9AA32000}"
EndProject
Global
	GlobalSection(SolutionConfigurationPlatforms) = preSolution
		Debug|Any CPU = Debug|Any CPU
		Release|Any CPU = Release|Any CPU
	EndGlobalSection
	GlobalSection(ProjectConfigurationPlatforms) = postSolution
		{2CA33BA7-4BA5-4095-9AD8-F016964BA70C}.Debug|Any CPU.ActiveCfg = Debug|Any CPU
		{2CA33BA7-4BA5-4095-9AD8-F016964BA70C}.Debug|Any CPU.Build.0 = Debug|Any CPU
		{2CA33BA7-4BA5-4095-9AD8-F016964BA70C}.Release|Any CPU.ActiveCfg = Release|Any CPU
		{2CA33BA7-4BA5-4095-9AD8-F016964BA70C}.Release|Any CPU.Build.0 = Release|Any CPU
		{4CBB3E97-7F74-4BBE-ACBB-D31E72B979AB}.Debug|Any CPU.ActiveCfg = Debug|Any CPU
		{4CBB3E97-7F74-4BBE-ACBB-D31E72B979AB}.Debug|Any CPU.Build.0 = Debug|Any CPU
		{4CBB3E97-7F74-4BBE-ACBB-D31E72B979AB}.Release|Any CPU.ActiveCfg = Release|Any CPU
		{4CBB3E97-7F74-4BBE-ACBB-D31E72B979AB}.Release|Any CPU.Build.0 = Release|Any CPU
		{E74B8702-E90B-4CC0-80AB-4AFEAE4CFF0A}.Debug|Any CPU.ActiveCfg = Debug|Any CPU
		{E74B8702-E90B-4CC0-80AB-4AFEAE4CFF0A}.Debug|Any CPU.Build.0 = Debug|Any CPU
		{E74B8702-E90B-4CC0-80AB-4AFEAE4CFF0A}.Release|Any CPU.ActiveCfg = Release|Any CPU
		{E74B8702-E90B-4CC0-80AB-4AFEAE4CFF0A}.Release|Any CPU.Build.0 = Release|Any CPU
		{9743102F-E48C-434F-9E4D-7C0CF3B8642B}.Debug|Any CPU.ActiveCfg = Debug|Any CPU
		{9743102F-E48C-434F-9E4D-7C0CF3B8642B}.Debug|Any CPU.Build.0 = Debug|Any CPU
		{9743102F-E48C-434F-9E4D-7C0CF3B8642B}.Release|Any CPU.ActiveCfg = Release|Any CPU
		{9743102F-E48C-434F-9E4D-7C0CF3B8642B}.Release|Any CPU.Build.0 = Release|Any CPU
		{E3696F4D-B8D0-4A51-99A4-CBCE9AA32000}.Debug|Any CPU.ActiveCfg = Debug|Any CPU
		{E3696F4D-B8D0-4A51-99A4-CBCE9AA32000}.Debug|Any CPU.Build.0 = Debug|Any CPU
		{E3696F4D-B8D0-4A51-99A4-CBCE9AA32000}.Release|Any CPU.ActiveCfg = Release|Any CPU
		{E3696F4D-B8D0-4A51-99A4-CBCE9AA32000}.Release|Any CPU.Build.0 = Release|Any CPU
	EndGlobalSection
EndGlobal
